
Microsoft Visual Studio Solution File, Format Version 12.00
# Visual Studio 15
VisualStudioVersion = 15.0.27130.2003
MinimumVisualStudioVersion = 10.0.40219.1
Project("{FAE04EC0-301F-11D3-BF4B-00C04F79EFBC}") = "DevOps.Primitives.VisualStudio.Projects.Helpers.Common", "DevOps.Primitives.VisualStudio.Projects.Helpers.Common\DevOps.Primitives.VisualStudio.Projects.Helpers.Common.csproj", "{21B7ABB9-B594-45D1-86F6-9C4CBD35BF85}"
EndProject
Global
	GlobalSection(SolutionConfigurationPlatforms) = preSolution
		Debug|Any CPU = Debug|Any CPU
		Release|Any CPU = Release|Any CPU
	EndGlobalSection
	GlobalSection(ProjectConfigurationPlatforms) = postSolution
		{21B7ABB9-B594-45D1-86F6-9C4CBD35BF85}.Debug|Any CPU.ActiveCfg = Debug|Any CPU
		{21B7ABB9-B594-45D1-86F6-9C4CBD35BF85}.Debug|Any CPU.Build.0 = Debug|Any CPU
		{21B7ABB9-B594-45D1-86F6-9C4CBD35BF85}.Release|Any CPU.ActiveCfg = Release|Any CPU
		{21B7ABB9-B594-45D1-86F6-9C4CBD35BF85}.Release|Any CPU.Build.0 = Release|Any CPU
	EndGlobalSection
	GlobalSection(SolutionProperties) = preSolution
		HideSolutionNode = FALSE
	EndGlobalSection
	GlobalSection(ExtensibilityGlobals) = postSolution
		SolutionGuid = {4433A307-D2AE-4CD6-93A4-002670B00541}
	EndGlobalSection
EndGlobal
